
Microsoft Visual Studio Solution File, Format Version 12.00
# Visual Studio Version 17
VisualStudioVersion = 17.8.34316.72
MinimumVisualStudioVersion = 10.0.40219.1
Project("{FAE04EC0-301F-11D3-BF4B-00C04F79EFBC}") = "ExpenseTrackerAPI", "ExpenseTrackerAPI\ExpenseTrackerAPI.csproj", "{87C04289-5CE0-49D4-84B2-F46FE9CEB327}"
EndProject
Global
	GlobalSection(SolutionConfigurationPlatforms) = preSolution
		Debug|Any CPU = Debug|Any CPU
		Release|Any CPU = Release|Any CPU
	EndGlobalSection
	GlobalSection(ProjectConfigurationPlatforms) = postSolution
		{87C04289-5CE0-49D4-84B2-F46FE9CEB327}.Debug|Any CPU.ActiveCfg = Debug|Any CPU
		{87C04289-5CE0-49D4-84B2-F46FE9CEB327}.Debug|Any CPU.Build.0 = Debug|Any CPU
		{87C04289-5CE0-49D4-84B2-F46FE9CEB327}.Release|Any CPU.ActiveCfg = Release|Any CPU
		{87C04289-5CE0-49D4-84B2-F46FE9CEB327}.Release|Any CPU.Build.0 = Release|Any CPU
	EndGlobalSection
	GlobalSection(SolutionProperties) = preSolution
		HideSolutionNode = FALSE
	EndGlobalSection
	GlobalSection(ExtensibilityGlobals) = postSolution
		SolutionGuid = {2A2A6392-F476-4A17-A8C8-B2F9CF56A74F}
	EndGlobalSection
EndGlobal
